uuid: 7b2421b8-0632-43fb-8724-1d297db0f2d3
langcode: en
status: true
dependencies:
  config:
    - views.view.hero_news_resources_home
  module:
    - node
    - views
  theme:
    - iketheme
id: block_hero_news_home_block
theme: iketheme
region: highlighted
weight: 0
provider: null
plugin: 'views_block:hero_news_resources_home-block_hero_news_home'
settings:
  id: 'views_block:hero_news_resources_home-block_hero_news_home'
  label: ''
  label_display: '0'
  provider: views
  context_mapping: {  }
  views_label: ''
  items_per_page: none
visibility:
  'entity_bundle:node':
    id: 'entity_bundle:node'
    negate: false
    context_mapping:
      node: '@node.node_route_context:node'
    bundles:
      news_home: news_home
