uuid: 95a51f88-8633-40da-ae30-3c95e9396817
langcode: en
status: true
dependencies:
  content:
    - 'block_content:webform:c39111bd-c41f-4539-9e64-7ce51cc26b0f'
  module:
    - block_content
    - system
  theme:
    - iketheme
id: iketheme_insightssubscriptionformblock
theme: iketheme
region: content
weight: -5
provider: null
plugin: 'block_content:c39111bd-c41f-4539-9e64-7ce51cc26b0f'
settings:
  id: 'block_content:c39111bd-c41f-4539-9e64-7ce51cc26b0f'
  label: 'Insights Subscription Form Block'
  label_display: '0'
  provider: block_content
  status: true
  info: ''
  view_mode: full
visibility:
  request_path:
    id: request_path
    negate: false
    pages: /resources/home
